lockfileVersion: "9.0"

settings:
  autoInstallPeers: true
  excludeLinksFromLockfile: false

importers:
  .:
    dependencies:
      commander:
        specifier: 15.0.0
        version: 15.0.0
    devDependencies:
      prettier:
        specifier: 3.9.8
        version: 3.9.8
      suzukuri:
        specifier: 0.3.1
        version: 0.3.1
      typescript:
        specifier: 6.0.3
        version: 6.0.3
      zod:
        specifier: 4.6.5
        version: 4.6.5
    peerDependencies:
      zod:
        specifier: ^4.6.5
        version: 4.6.5

packages:
  commander@15.0.0:
    resolution:
      { integrity: sha512-z67u4ZhzCL/Tydu1lJARtEZYWbWaN7oYLHbsuzocr6y4N6WZAagG3RQ4FW61V1/0+jImpj293XfrcYnd1qxtPg== }
    engines: { node: ">=22.12.0" }

  prettier@3.9.8:
    resolution:
      { integrity: sha512-WRFq3Wn3WId7LLROfMLdH7xaFr2jR62wU8nLO6rQUOLOxNZUviyJQs1M0iIhLexSFy+L+w0ch66wtoO2jRjG0A== }
    engines: { node: ">=14" }
    hasBin: true

  suzukuri@0.3.1:
    resolution:
      { integrity: sha512-FbAZFW0+YIX2C1QCQoSQEABJcHF6O8i0MD9NaG4anR9PH9BBGuJnbT6vp5jmxHQXdZXP5S0Y5EevNnQoDp7gPQ== }
    engines: { node: ">=24" }
    hasBin: true

  typescript@6.0.3:
    resolution:
      { integrity: sha512-y2TvuxSZPDyQakkFRPZHKFm+KKVqIisdg9/CZwm9ftvKXLP8NRWj38/ODjNbr43SsoXqNuAisEf1GdCxqWcdBw== }
    engines: { node: ">=14.17" }
    hasBin: true

  zod@4.6.5:
    resolution:
      { integrity: sha512-v5l/aFXZQeai4awLbOpSoHecE9UiMrnfx75tEXLjNonXVARxQ5mOeipTjROUchszUNCqnE+hqAMujRsRHsut2Q== }

snapshots:
  commander@15.0.0: {}

  prettier@3.9.8: {}

  suzukuri@0.3.1:
    dependencies:
      typescript: 6.0.3

  typescript@6.0.3: {}

  zod@4.6.5: {}
